
Microsoft Visual Studio Solution File, Format Version 12.00
# Visual Studio Version 16
VisualStudioVersion = 16.0.30002.166
MinimumVisualStudioVersion = 10.0.40219.1
Project("{FAE04EC0-301F-11D3-BF4B-00C04F79EFBC}") = "CompilerSolution_exam3", "CompilerSolution_exam3\CompilerSolution_exam3.csproj", "{CFE1EF49-D3A3-41EF-9F53-CA6DCA0D0F3C}"
EndProject
Global
	GlobalSection(SolutionConfigurationPlatforms) = preSolution
		Debug|Any CPU = Debug|Any CPU
		Release|Any CPU = Release|Any CPU
	EndGlobalSection
	GlobalSection(ProjectConfigurationPlatforms) = postSolution
		{CFE1EF49-D3A3-41EF-9F53-CA6DCA0D0F3C}.Debug|Any CPU.ActiveCfg = Debug|Any CPU
		{CFE1EF49-D3A3-41EF-9F53-CA6DCA0D0F3C}.Debug|Any CPU.Build.0 = Debug|Any CPU
		{CFE1EF49-D3A3-41EF-9F53-CA6DCA0D0F3C}.Release|Any CPU.ActiveCfg = Release|Any CPU
		{CFE1EF49-D3A3-41EF-9F53-CA6DCA0D0F3C}.Release|Any CPU.Build.0 = Release|Any CPU
	EndGlobalSection
	GlobalSection(SolutionProperties) = preSolution
		HideSolutionNode = FALSE
	EndGlobalSection
	GlobalSection(ExtensibilityGlobals) = postSolution
		SolutionGuid = {D6A83BE8-9745-4C47-A6D2-32526FAA41A0}
	EndGlobalSection
EndGlobal
